{
  "object": {
    "pins": [
      {
        "package": "CPostgreSQL",
        "repositoryURL": "https://github.com/vapor-community/cpostgresql.git",
        "state": {
          "branch": null,
          "revision": "33f0f94f023ab61ccd0ba2f076dd6a448be853e3",
          "version": "2.1.0"
        }
      },
      {
        "package": "swift-argument-parser",
        "repositoryURL": "https://github.com/apple/swift-argument-parser",
        "state": {
          "branch": null,
          "revision": "92646c0cdbaca076c8d3d0207891785b3379cbff",
          "version": "0.3.1"
        }
      },
      {
        "package": "SwiftgreSQL",
        "repositoryURL": "https://github.com/khanlou/SwiftgresQL",
        "state": {
          "branch": null,
          "revision": "12395836a839fcd0a9bead0b43918657bc08d029",
          "version": "0.1.2"
        }
      }
    ]
  },
  "version": 1
}
